# This file is automatically @generated by Cargo.
# It is not intended for manual editing.
version = 4

[[package]]
name = "minicbor"
version = "2.3.0"
source = "registry+https://github.com/rust-lang/crates.io-index"
checksum = "c12b4033ffaa92fbf9df03df38d19324f52bad130dd223f811734a8006dd2d69"

[[package]]
name = "raid_policy_avg_latency"
version = "0.1.0"
dependencies = [
 "raid_policy_common",
]

[[package]]
name = "raid_policy_common"
version = "0.1.0"
dependencies = [
 "minicbor",
]

[[package]]
name = "raid_policy_decision_tree"
version = "0.1.0"
dependencies = [
 "raid_policy_common",
]

[[package]]
name = "raid_policy_linnos"
version = "0.1.0"
dependencies = [
 "raid_policy_common",
]

[[package]]
name = "raid_policy_linnos_plus"
version = "0.1.0"
dependencies = [
 "raid_policy_common",
]

[[package]]
name = "raid_policy_lowest_index"
version = "0.1.0"
dependencies = [
 "raid_policy_common",
]

[[package]]
name = "raid_policy_roundrobin"
version = "0.1.0"
dependencies = [
 "raid_policy_common",
]

[[package]]
name = "raid_policy_supervisor"
version = "0.1.0"
